
Microsoft Visual Studio Solution File, Format Version 12.00
# Visual Studio 15
Project("{FAE04EC0-301F-11D3-BF4B-00C04F79EFBC}") = "Assembly-CSharp", "Assembly-CSharp.csproj", "{9D56B7F1-FA83-1FDC-7800-F736A91CB2FA}"
EndProject
Project("{FAE04EC0-301F-11D3-BF4B-00C04F79EFBC}") = "Assembly-CSharp-Editor", "Assembly-CSharp-Editor.csproj", "{C7B63A22-5481-16C8-71ED-6D44DFEEEC88}"
EndProject
Global
	GlobalSection(SolutionConfigurationPlatforms) = preSolution
		Debug|Any CPU = Debug|Any CPU
		Release|Any CPU = Release|Any CPU
	EndGlobalSection
	GlobalSection(ProjectConfigurationPlatforms) = postSolution
		{9D56B7F1-FA83-1FDC-7800-F736A91CB2FA}.Debug|Any CPU.ActiveCfg = Debug|Any CPU
		{9D56B7F1-FA83-1FDC-7800-F736A91CB2FA}.Debug|Any CPU.Build.0 = Debug|Any CPU
		{9D56B7F1-FA83-1FDC-7800-F736A91CB2FA}.Release|Any CPU.ActiveCfg = Release|Any CPU
		{9D56B7F1-FA83-1FDC-7800-F736A91CB2FA}.Release|Any CPU.Build.0 = Release|Any CPU
		{C7B63A22-5481-16C8-71ED-6D44DFEEEC88}.Debug|Any CPU.ActiveCfg = Debug|Any CPU
		{C7B63A22-5481-16C8-71ED-6D44DFEEEC88}.Debug|Any CPU.Build.0 = Debug|Any CPU
		{C7B63A22-5481-16C8-71ED-6D44DFEEEC88}.Release|Any CPU.ActiveCfg = Release|Any CPU
		{C7B63A22-5481-16C8-71ED-6D44DFEEEC88}.Release|Any CPU.Build.0 = Release|Any CPU
	EndGlobalSection
	GlobalSection(SolutionProperties) = preSolution
		HideSolutionNode = FALSE
	EndGlobalSection
EndGlobal
